
Microsoft Visual Studio Solution File, Format Version 12.00
# Visual Studio Version 17
VisualStudioVersion = 17.1.32421.90
MinimumVisualStudioVersion = 10.0.40219.1
Project("{9A19103F-16F7-4668-BE54-9A1E7A4F7556}") = "ANZ_WebApp", "ANZ_WebApp\ANZ_WebApp.csproj", "{819DBF92-ACB6-43CA-9596-FC930D892753}"
EndProject
Project("{9A19103F-16F7-4668-BE54-9A1E7A4F7556}") = "ANZ.Domain", "ANZ.Domain\ANZ.Domain.csproj", "{51C2803B-0BD6-44F9-B8BF-B7E2F347E4BB}"
EndProject
Project("{9A19103F-16F7-4668-BE54-9A1E7A4F7556}") = "ANZ.DataAccess", "ANZ.DataAccess\ANZ.DataAccess.csproj", "{157D30F1-8823-4C7E-A32B-CE2C28857D62}"
EndProject
Project("{9A19103F-16F7-4668-BE54-9A1E7A4F7556}") = "ANZ.Services", "ANZ.Services\ANZ.Services.csproj", "{6A3D74F0-954A-4122-AC8C-A07C0A9FE7E8}"
EndProject
Project("{00D1A9C2-B5F0-4AF3-8072-F6C62B433612}") = "ANZ.Db", "ANZ.Db\ANZ.Db.sqlproj", "{E820F76A-94EC-4034-A8A6-62D6C773C289}"
EndProject
Global
	GlobalSection(SolutionConfigurationPlatforms) = preSolution
		Debug|Any CPU = Debug|Any CPU
		Release|Any CPU = Release|Any CPU
	EndGlobalSection
	GlobalSection(ProjectConfigurationPlatforms) = postSolution
		{819DBF92-ACB6-43CA-9596-FC930D892753}.Debug|Any CPU.ActiveCfg = Debug|Any CPU
		{819DBF92-ACB6-43CA-9596-FC930D892753}.Debug|Any CPU.Build.0 = Debug|Any CPU
		{819DBF92-ACB6-43CA-9596-FC930D892753}.Release|Any CPU.ActiveCfg = Release|Any CPU
		{819DBF92-ACB6-43CA-9596-FC930D892753}.Release|Any CPU.Build.0 = Release|Any CPU
		{51C2803B-0BD6-44F9-B8BF-B7E2F347E4BB}.Debug|Any CPU.ActiveCfg = Debug|Any CPU
		{51C2803B-0BD6-44F9-B8BF-B7E2F347E4BB}.Debug|Any CPU.Build.0 = Debug|Any CPU
		{51C2803B-0BD6-44F9-B8BF-B7E2F347E4BB}.Release|Any CPU.ActiveCfg = Release|Any CPU
		{51C2803B-0BD6-44F9-B8BF-B7E2F347E4BB}.Release|Any CPU.Build.0 = Release|Any CPU
		{157D30F1-8823-4C7E-A32B-CE2C28857D62}.Debug|Any CPU.ActiveCfg = Debug|Any CPU
		{157D30F1-8823-4C7E-A32B-CE2C28857D62}.Debug|Any CPU.Build.0 = Debug|Any CPU
		{157D30F1-8823-4C7E-A32B-CE2C28857D62}.Release|Any CPU.ActiveCfg = Release|Any CPU
		{157D30F1-8823-4C7E-A32B-CE2C28857D62}.Release|Any CPU.Build.0 = Release|Any CPU
		{6A3D74F0-954A-4122-AC8C-A07C0A9FE7E8}.Debug|Any CPU.ActiveCfg = Debug|Any CPU
		{6A3D74F0-954A-4122-AC8C-A07C0A9FE7E8}.Debug|Any CPU.Build.0 = Debug|Any CPU
		{6A3D74F0-954A-4122-AC8C-A07C0A9FE7E8}.Release|Any CPU.ActiveCfg = Release|Any CPU
		{6A3D74F0-954A-4122-AC8C-A07C0A9FE7E8}.Release|Any CPU.Build.0 = Release|Any CPU
		{E820F76A-94EC-4034-A8A6-62D6C773C289}.Debug|Any CPU.ActiveCfg = Debug|Any CPU
		{E820F76A-94EC-4034-A8A6-62D6C773C289}.Debug|Any CPU.Build.0 = Debug|Any CPU
		{E820F76A-94EC-4034-A8A6-62D6C773C289}.Debug|Any CPU.Deploy.0 = Debug|Any CPU
		{E820F76A-94EC-4034-A8A6-62D6C773C289}.Release|Any CPU.ActiveCfg = Release|Any CPU
		{E820F76A-94EC-4034-A8A6-62D6C773C289}.Release|Any CPU.Build.0 = Release|Any CPU
		{E820F76A-94EC-4034-A8A6-62D6C773C289}.Release|Any CPU.Deploy.0 = Release|Any CPU
	EndGlobalSection
	GlobalSection(SolutionProperties) = preSolution
		HideSolutionNode = FALSE
	EndGlobalSection
	GlobalSection(ExtensibilityGlobals) = postSolution
		SolutionGuid = {253D8680-FCC2-462F-9162-D59821AFE29C}
	EndGlobalSection
EndGlobal
